
Microsoft Visual Studio Solution File, Format Version 12.00
# Visual Studio 15
VisualStudioVersion = 15.0.27428.2037
MinimumVisualStudioVersion = 10.0.40219.1
Project("{FAE04EC0-301F-11D3-BF4B-00C04F79EFBC}") = "RReviews.Client", "RReviews.Client\RReviews.Client.csproj", "{2524825D-C971-4C4A-AA78-399FB1085D62}"
EndProject
Project("{FAE04EC0-301F-11D3-BF4B-00C04F79EFBC}") = "RReviews.BLL", "RReviews.BLL\RReviews.BLL.csproj", "{5BD36D15-81B0-4540-B2A0-0D300AE1721E}"
EndProject
Project("{FAE04EC0-301F-11D3-BF4B-00C04F79EFBC}") = "RReviews.DAL", "RReviews.DAL\RReviews.DAL.csproj", "{943804E8-17DB-4F35-A033-0E4CDF8EB453}"
EndProject
Project("{FAE04EC0-301F-11D3-BF4B-00C04F79EFBC}") = "Restaurant.Models", "RestaurantModels\Restaurant.Models.csproj", "{A91DCD07-4D65-432A-AC53-A17F31D19490}"
EndProject
Project("{FAE04EC0-301F-11D3-BF4B-00C04F79EFBC}") = "RReviews.UnitTest", "RReviewsUnitTest\RReviews.UnitTest.csproj", "{4FE2E621-2CBE-47FE-92B9-8FEB08664135}"
EndProject
Project("{2150E333-8FDC-42A3-9474-1A3956D46DE8}") = "Solution Items", "Solution Items", "{434D6C6A-77E0-49B2-970F-A5B6D66AF74A}"
	ProjectSection(SolutionItems) = preProject
		MockData.txt = MockData.txt
		RestaurantsLog.txt = RestaurantsLog.txt
	EndProjectSection
EndProject
Project("{FAE04EC0-301F-11D3-BF4B-00C04F79EFBC}") = "RReviews.Client.DB", "TestClient\RReviews.Client.DB.csproj", "{2530D86D-5CAB-4C9A-B0F7-F27737E32DCC}"
EndProject
Global
	GlobalSection(SolutionConfigurationPlatforms) = preSolution
		Debug|Any CPU = Debug|Any CPU
		Release|Any CPU = Release|Any CPU
	EndGlobalSection
	GlobalSection(ProjectConfigurationPlatforms) = postSolution
		{2524825D-C971-4C4A-AA78-399FB1085D62}.Debug|Any CPU.ActiveCfg = Debug|Any CPU
		{2524825D-C971-4C4A-AA78-399FB1085D62}.Debug|Any CPU.Build.0 = Debug|Any CPU
		{2524825D-C971-4C4A-AA78-399FB1085D62}.Release|Any CPU.ActiveCfg = Release|Any CPU
		{2524825D-C971-4C4A-AA78-399FB1085D62}.Release|Any CPU.Build.0 = Release|Any CPU
		{5BD36D15-81B0-4540-B2A0-0D300AE1721E}.Debug|Any CPU.ActiveCfg = Debug|Any CPU
		{5BD36D15-81B0-4540-B2A0-0D300AE1721E}.Debug|Any CPU.Build.0 = Debug|Any CPU
		{5BD36D15-81B0-4540-B2A0-0D300AE1721E}.Release|Any CPU.ActiveCfg = Release|Any CPU
		{5BD36D15-81B0-4540-B2A0-0D300AE1721E}.Release|Any CPU.Build.0 = Release|Any CPU
		{943804E8-17DB-4F35-A033-0E4CDF8EB453}.Debug|Any CPU.ActiveCfg = Debug|Any CPU
		{943804E8-17DB-4F35-A033-0E4CDF8EB453}.Debug|Any CPU.Build.0 = Debug|Any CPU
		{943804E8-17DB-4F35-A033-0E4CDF8EB453}.Release|Any CPU.ActiveCfg = Release|Any CPU
		{943804E8-17DB-4F35-A033-0E4CDF8EB453}.Release|Any CPU.Build.0 = Release|Any CPU
		{A91DCD07-4D65-432A-AC53-A17F31D19490}.Debug|Any CPU.ActiveCfg = Debug|Any CPU
		{A91DCD07-4D65-432A-AC53-A17F31D19490}.Debug|Any CPU.Build.0 = Debug|Any CPU
		{A91DCD07-4D65-432A-AC53-A17F31D19490}.Release|Any CPU.ActiveCfg = Release|Any CPU
		{A91DCD07-4D65-432A-AC53-A17F31D19490}.Release|Any CPU.Build.0 = Release|Any CPU
		{4FE2E621-2CBE-47FE-92B9-8FEB08664135}.Debug|Any CPU.ActiveCfg = Debug|Any CPU
		{4FE2E621-2CBE-47FE-92B9-8FEB08664135}.Debug|Any CPU.Build.0 = Debug|Any CPU
		{4FE2E621-2CBE-47FE-92B9-8FEB08664135}.Release|Any CPU.ActiveCfg = Release|Any CPU
		{4FE2E621-2CBE-47FE-92B9-8FEB08664135}.Release|Any CPU.Build.0 = Release|Any CPU
		{2530D86D-5CAB-4C9A-B0F7-F27737E32DCC}.Debug|Any CPU.ActiveCfg = Debug|Any CPU
		{2530D86D-5CAB-4C9A-B0F7-F27737E32DCC}.Debug|Any CPU.Build.0 = Debug|Any CPU
		{2530D86D-5CAB-4C9A-B0F7-F27737E32DCC}.Release|Any CPU.ActiveCfg = Release|Any CPU
		{2530D86D-5CAB-4C9A-B0F7-F27737E32DCC}.Release|Any CPU.Build.0 = Release|Any CPU
	EndGlobalSection
	GlobalSection(SolutionProperties) = preSolution
		HideSolutionNode = FALSE
	EndGlobalSection
	GlobalSection(ExtensibilityGlobals) = postSolution
		SolutionGuid = {AED691EC-F38D-45DE-8594-8D4A885E21E7}
	EndGlobalSection
EndGlobal
